
Microsoft Visual Studio Solution File, Format Version 12.00
# Visual Studio Version 16
VisualStudioVersion = 16.0.31410.357
MinimumVisualStudioVersion = 10.0.40219.1
Project("{2150E333-8FDC-42A3-9474-1A3956D46DE8}") = "Applications", "Applications", "{4D75E836-B661-423A-9482-CC5D3D3DD666}"
EndProject
Project("{2150E333-8FDC-42A3-9474-1A3956D46DE8}") = "Libraries", "Libraries", "{21D9F1BD-447E-41C7-AFF0-F94E4D48BCD1}"
EndProject
Project("{2150E333-8FDC-42A3-9474-1A3956D46DE8}") = "Services", "Services", "{C532C1C5-245A-411F-B625-C6E2E1F5E20B}"
EndProject
Project("{2150E333-8FDC-42A3-9474-1A3956D46DE8}") = "Portal", "Portal", "{7DB3371C-4371-46AE-B084-D73B23BC6335}"
EndProject
Project("{9A19103F-16F7-4668-BE54-9A1E7A4F7556}") = "Portal.API", "Services\Portal\Portal.API\Portal.API.csproj", "{7948F65C-532B-41F4-8CB8-867804B936F6}"
EndProject
Project("{9A19103F-16F7-4668-BE54-9A1E7A4F7556}") = "Portal.Domain", "Services\Portal\Portal.Domain\Portal.Domain.csproj", "{D8DBCB96-EF90-43B2-B1D5-6F562BB858E0}"
EndProject
Project("{9A19103F-16F7-4668-BE54-9A1E7A4F7556}") = "Portal.Infrastructure", "Services\Portal\Portal.Infrastructure\Portal.Infrastructure.csproj", "{602041F8-9AE2-433C-9947-A33C5F8F24FC}"
EndProject
Project("{9A19103F-16F7-4668-BE54-9A1E7A4F7556}") = "0.Common", "Libraries\0.Common\0.Common.csproj", "{DCFC6CD0-74B0-4423-ABC9-34A6119DBCA1}"
EndProject
Project("{9A19103F-16F7-4668-BE54-9A1E7A4F7556}") = "1.Helper", "Libraries\1.Helper\1.Helper.csproj", "{85643197-D2FB-426C-A86A-7CE8DEC827FA}"
EndProject
Project("{2150E333-8FDC-42A3-9474-1A3956D46DE8}") = "Web", "Web", "{17132FC8-2329-480A-8F37-EF64D3C38E60}"
EndProject
Project("{2150E333-8FDC-42A3-9474-1A3956D46DE8}") = "Window", "Window", "{EFF055B4-EB36-4BB4-AD0E-18185792B725}"
EndProject
Project("{2150E333-8FDC-42A3-9474-1A3956D46DE8}") = "Mobile", "Mobile", "{6C5AA0A3-73F4-40FA-B8DE-E0B79CB1A49B}"
EndProject
Project("{2150E333-8FDC-42A3-9474-1A3956D46DE8}") = "Realtime", "Realtime", "{CE365B5C-8338-4A19-B5B9-82536AE91DA7}"
EndProject
Project("{2150E333-8FDC-42A3-9474-1A3956D46DE8}") = "SocketIo", "SocketIo", "{04D74BFB-38C2-46C7-8DEB-69E707301CDE}"
	ProjectSection(SolutionItems) = preProject
		package.json = package.json
		server.js = server.js
	EndProjectSection
EndProject
Global
	GlobalSection(SolutionConfigurationPlatforms) = preSolution
		Debug|Any CPU = Debug|Any CPU
		Release|Any CPU = Release|Any CPU
	EndGlobalSection
	GlobalSection(ProjectConfigurationPlatforms) = postSolution
		{7948F65C-532B-41F4-8CB8-867804B936F6}.Debug|Any CPU.ActiveCfg = Debug|Any CPU
		{7948F65C-532B-41F4-8CB8-867804B936F6}.Debug|Any CPU.Build.0 = Debug|Any CPU
		{7948F65C-532B-41F4-8CB8-867804B936F6}.Release|Any CPU.ActiveCfg = Release|Any CPU
		{7948F65C-532B-41F4-8CB8-867804B936F6}.Release|Any CPU.Build.0 = Release|Any CPU
		{D8DBCB96-EF90-43B2-B1D5-6F562BB858E0}.Debug|Any CPU.ActiveCfg = Debug|Any CPU
		{D8DBCB96-EF90-43B2-B1D5-6F562BB858E0}.Debug|Any CPU.Build.0 = Debug|Any CPU
		{D8DBCB96-EF90-43B2-B1D5-6F562BB858E0}.Release|Any CPU.ActiveCfg = Release|Any CPU
		{D8DBCB96-EF90-43B2-B1D5-6F562BB858E0}.Release|Any CPU.Build.0 = Release|Any CPU
		{602041F8-9AE2-433C-9947-A33C5F8F24FC}.Debug|Any CPU.ActiveCfg = Debug|Any CPU
		{602041F8-9AE2-433C-9947-A33C5F8F24FC}.Debug|Any CPU.Build.0 = Debug|Any CPU
		{602041F8-9AE2-433C-9947-A33C5F8F24FC}.Release|Any CPU.ActiveCfg = Release|Any CPU
		{602041F8-9AE2-433C-9947-A33C5F8F24FC}.Release|Any CPU.Build.0 = Release|Any CPU
		{DCFC6CD0-74B0-4423-ABC9-34A6119DBCA1}.Debug|Any CPU.ActiveCfg = Debug|Any CPU
		{DCFC6CD0-74B0-4423-ABC9-34A6119DBCA1}.Debug|Any CPU.Build.0 = Debug|Any CPU
		{DCFC6CD0-74B0-4423-ABC9-34A6119DBCA1}.Release|Any CPU.ActiveCfg = Release|Any CPU
		{DCFC6CD0-74B0-4423-ABC9-34A6119DBCA1}.Release|Any CPU.Build.0 = Release|Any CPU
		{85643197-D2FB-426C-A86A-7CE8DEC827FA}.Debug|Any CPU.ActiveCfg = Debug|Any CPU
		{85643197-D2FB-426C-A86A-7CE8DEC827FA}.Debug|Any CPU.Build.0 = Debug|Any CPU
		{85643197-D2FB-426C-A86A-7CE8DEC827FA}.Release|Any CPU.ActiveCfg = Release|Any CPU
		{85643197-D2FB-426C-A86A-7CE8DEC827FA}.Release|Any CPU.Build.0 = Release|Any CPU
	EndGlobalSection
	GlobalSection(SolutionProperties) = preSolution
		HideSolutionNode = FALSE
	EndGlobalSection
	GlobalSection(NestedProjects) = preSolution
		{7DB3371C-4371-46AE-B084-D73B23BC6335} = {C532C1C5-245A-411F-B625-C6E2E1F5E20B}
		{7948F65C-532B-41F4-8CB8-867804B936F6} = {7DB3371C-4371-46AE-B084-D73B23BC6335}
		{D8DBCB96-EF90-43B2-B1D5-6F562BB858E0} = {7DB3371C-4371-46AE-B084-D73B23BC6335}
		{602041F8-9AE2-433C-9947-A33C5F8F24FC} = {7DB3371C-4371-46AE-B084-D73B23BC6335}
		{DCFC6CD0-74B0-4423-ABC9-34A6119DBCA1} = {21D9F1BD-447E-41C7-AFF0-F94E4D48BCD1}
		{85643197-D2FB-426C-A86A-7CE8DEC827FA} = {21D9F1BD-447E-41C7-AFF0-F94E4D48BCD1}
		{17132FC8-2329-480A-8F37-EF64D3C38E60} = {4D75E836-B661-423A-9482-CC5D3D3DD666}
		{EFF055B4-EB36-4BB4-AD0E-18185792B725} = {4D75E836-B661-423A-9482-CC5D3D3DD666}
		{6C5AA0A3-73F4-40FA-B8DE-E0B79CB1A49B} = {4D75E836-B661-423A-9482-CC5D3D3DD666}
		{CE365B5C-8338-4A19-B5B9-82536AE91DA7} = {C532C1C5-245A-411F-B625-C6E2E1F5E20B}
		{04D74BFB-38C2-46C7-8DEB-69E707301CDE} = {CE365B5C-8338-4A19-B5B9-82536AE91DA7}
	EndGlobalSection
	GlobalSection(ExtensibilityGlobals) = postSolution
		SolutionGuid = {D0A37FD2-A555-4F7A-B974-5741AFB53D96}
	EndGlobalSection
EndGlobal
